{
  "requires": true,
  "lockfileVersion": 1,
  "dependencies": {
    "sanitize.css": {
      "version": "13.0.0",
      "resolved": "https://registry.npmjs.org/sanitize.css/-/sanitize.css-13.0.0.tgz",
      "integrity": "sha512-ZRwKbh/eQ6w9vmTjkuG0Ioi3HBwPFce0O+v//ve+aOq1oeCy7jMV2qzzAlpsNuqpqCBjjriM1lbtZbF/Q8jVyA=="
    }
  }
}
